
Microsoft Visual Studio Solution File, Format Version 12.00
# Visual Studio 15
VisualStudioVersion = 15.0.27703.2047
MinimumVisualStudioVersion = 10.0.40219.1
Project("{FAE04EC0-301F-11D3-BF4B-00C04F79EFBC}") = "gittest", "gittest\gittest.csproj", "{54E5AC24-F339-4314-A2B8-D617BE62E6DC}"
EndProject
Global
	GlobalSection(SolutionConfigurationPlatforms) = preSolution
		Debug|Any CPU = Debug|Any CPU
		Release|Any CPU = Release|Any CPU
	EndGlobalSection
	GlobalSection(ProjectConfigurationPlatforms) = postSolution
		{54E5AC24-F339-4314-A2B8-D617BE62E6DC}.Debug|Any CPU.ActiveCfg = Debug|Any CPU
		{54E5AC24-F339-4314-A2B8-D617BE62E6DC}.Debug|Any CPU.Build.0 = Debug|Any CPU
		{54E5AC24-F339-4314-A2B8-D617BE62E6DC}.Release|Any CPU.ActiveCfg = Release|Any CPU
		{54E5AC24-F339-4314-A2B8-D617BE62E6DC}.Release|Any CPU.Build.0 = Release|Any CPU
	EndGlobalSection
	GlobalSection(SolutionProperties) = preSolution
		HideSolutionNode = FALSE
	EndGlobalSection
	GlobalSection(ExtensibilityGlobals) = postSolution
		SolutionGuid = {C5B26F73-CCB4-4A15-8FCF-3CBE42D5ADD2}
	EndGlobalSection
EndGlobal
